// !$*UTF8*$!
{
	archiveVersion = 1;
	classes = {
	};
	objectVersion = 46;
	objects = {

/* Begin PBXBuildFile section */
		369F6FA91A7415DA002F95CD /* AppDelegate.m in Sources */ = {isa = PBXBuildFile; fileRef = 369F6FA81A7415DA002F95CD /* AppDelegate.m */; };
		369F6FAB1A7415DA002F95CD /* main.m in Sources */ = {isa = PBXBuildFile; fileRef = 369F6FAA1A7415DA002F95CD /* main.m */; };
		369F6FAD1A7415DB002F95CD /* Images.xcassets in Resources */ = {isa = PBXBuildFile; fileRef = 369F6FAC1A7415DB002F95CD /* Images.xcassets */; };
		369F6FB01A7415DB002F95CD /* MainMenu.xib in Resources */ = {isa = PBXBuildFile; fileRef = 369F6FAE1A7415DB002F95CD /* MainMenu.xib */; };
		369F6FBC1A7415DB002F95CD /* DrawingFunTests.m in Sources */ = {isa = PBXBuildFile; fileRef = 369F6FBB1A7415DB002F95CD /* DrawingFunTests.m */; };
		369F6FC71A741636002F95CD /* StretchView.m in Sources */ = {isa = PBXBuildFile; fileRef = 369F6FC61A741636002F95CD /* StretchView.m */; };
/* End PBXBuildFile section */

/* Begin PBXContainerItemProxy section */
		369F6FB61A7415DB002F95CD /* PBXContainerItemProxy */ = {
			isa = PBXContainerItemProxy;
			containerPortal = 369F6F9A1A7415DA002F95CD /* Project object */;
			proxyType = 1;
			remoteGlobalIDString = 369F6FA11A7415DA002F95CD;
			remoteInfo = DrawingFun;
		};
/* End PBXContainerItemProxy section */

/* Begin PBXFileReference section */
		369F6FA21A7415DA002F95CD /* DrawingFun.app */ = {isa = PBXFileReference; explicitFileType = wrapper.application; includeInIndex = 0; path = DrawingFun.app; sourceTree = BUILT_PRODUCTS_DIR; };
		369F6FA61A7415DA002F95CD /* Info.plist */ = {isa = PBXFileReference; lastKnownFileType = text.plist.xml; path = Info.plist; sourceTree = "<group>"; };
		369F6FA71A7415DA002F95CD /* AppDelegate.h */ = {isa = PBXFileReference; lastKnownFileType = sourcecode.c.h; path = AppDelegate.h; sourceTree = "<group>"; };
		369F6FA81A7415DA002F95CD /* AppDelegate.m */ = {isa = PBXFileReference; lastKnownFileType = sourcecode.c.objc; path = AppDelegate.m; sourceTree = "<group>"; };
		369F6FAA1A7415DA002F95CD /* main.m */ = {isa = PBXFileReference; lastKnownFileType = sourcecode.c.objc; path = main.m; sourceTree = "<group>"; };
		369F6FAC1A7415DB002F95CD /* Images.xcassets */ = {isa = PBXFileReference; lastKnownFileType = folder.assetcatalog; path = Images.xcassets; sourceTree = "<group>"; };
		369F6FAF1A7415DB002F95CD /* Base */ = {isa = PBXFileReference; lastKnownFileType = file.xib; name = Base; path = Base.lproj/MainMenu.xib; sourceTree = "<group>"; };
		369F6FB51A7415DB002F95CD /* DrawingFunTests.xctest */ = {isa = PBXFileReference; explicitFileType = wrapper.cfbundle; includeInIndex = 0; path = DrawingFunTests.xctest; sourceTree = BUILT_PRODUCTS_DIR; };
		369F6FBA1A7415DB002F95CD /* Info.plist */ = {isa = PBXFileReference; lastKnownFileType = text.plist.xml; path = Info.plist; sourceTree = "<group>"; };
		369F6FBB1A7415DB002F95CD /* DrawingFunTests.m */ = {isa = PBXFileReference; lastKnownFileType = sourcecode.c.objc; path = DrawingFunTests.m; sourceTree = "<group>"; };
		369F6FC51A741636002F95CD /* StretchView.h */ = {isa = PBXFileReference; fileEncoding = 4; lastKnownFileType = sourcecode.c.h; path = StretchView.h; sourceTree = "<group>"; };
		369F6FC61A741636002F95CD /* StretchView.m */ = {isa = PBXFileReference; fileEncoding = 4; lastKnownFileType = sourcecode.c.objc; path = StretchView.m; sourceTree = "<group>"; };
/* End PBXFileReference section */

/* Begin PBXFrameworksBuildPhase section */
		369F6F9F1A7415DA002F95CD /* Frameworks */ = {
			isa = PBXFrameworksBuildPhase;
			buildActionMask = 2147483647;
			files = (
			);
			runOnlyForDeploymentPostprocessing = 0;
		};
		369F6FB21A7415DB002F95CD /* Frameworks */ = {
			isa = PBXFrameworksBuildPhase;
			buildActionMask = 2147483647;
			files = (
			);
			runOnlyForDeploymentPostprocessing = 0;
		};
/* End PBXFrameworksBuildPhase section */

/* Begin PBXGroup section */
		369F6F991A7415DA002F95CD = {
			isa = PBXGroup;
			children = (
				369F6FA41A7415DA002F95CD /* DrawingFun */,
				369F6FB81A7415DB002F95CD /* DrawingFunTests */,
				369F6FA31A7415DA002F95CD /* Products */,
			);
			sourceTree = "<group>";
		};
		369F6FA31A7415DA002F95CD /* Products */ = {
			isa = PBXGroup;
			children = (
				369F6FA21A7415DA002F95CD /* DrawingFun.app */,
				369F6FB51A7415DB002F95CD /* DrawingFunTests.xctest */,
			);
			name = Products;
			sourceTree = "<group>";
		};
		369F6FA41A7415DA002F95CD /* DrawingFun */ = {
			isa = PBXGroup;
			children = (
				369F6FC51A741636002F95CD /* StretchView.h */,
				369F6FC61A741636002F95CD /* StretchView.m */,
				369F6FA71A7415DA002F95CD /* AppDelegate.h */,
				369F6FA81A7415DA002F95CD /* AppDelegate.m */,
				369F6FAC1A7415DB002F95CD /* Images.xcassets */,
				369F6FAE1A7415DB002F95CD /* MainMenu.xib */,
				369F6FA51A7415DA002F95CD /* Supporting Files */,
			);
			path = DrawingFun;
			sourceTree = "<group>";
		};
		369F6FA51A7415DA002F95CD /* Supporting Files */ = {
			isa = PBXGroup;
			children = (
				369F6FA61A7415DA002F95CD /* Info.plist */,
				369F6FAA1A7415DA002F95CD /* main.m */,
			);
			name = "Supporting Files";
			sourceTree = "<group>";
		};
		369F6FB81A7415DB002F95CD /* DrawingFunTests */ = {
			isa = PBXGroup;
			children = (
				369F6FBB1A7415DB002F95CD /* DrawingFunTests.m */,
				369F6FB91A7415DB002F95CD /* Supporting Files */,
			);
			path = DrawingFunTests;
			sourceTree = "<group>";
		};
		369F6FB91A7415DB002F95CD /* Supporting Files */ = {
			isa = PBXGroup;
			children = (
				369F6FBA1A7415DB002F95CD /* Info.plist */,
			);
			name = "Supporting Files";
			sourceTree = "<group>";
		};
/* End PBXGroup section */

/* Begin PBXNativeTarget section */
		369F6FA11A7415DA002F95CD /* DrawingFun */ = {
			isa = PBXNativeTarget;
			buildConfigurationList = 369F6FBF1A7415DB002F95CD /* Build configuration list for PBXNativeTarget "DrawingFun" */;
			buildPhases = (
				369F6F9E1A7415DA002F95CD /* Sources */,
				369F6F9F1A7415DA002F95CD /* Frameworks */,
				369F6FA01A7415DA002F95CD /* Resources */,
			);
			buildRules = (
			);
			dependencies = (
			);
			name = DrawingFun;
			productName = DrawingFun;
			productReference = 369F6FA21A7415DA002F95CD /* DrawingFun.app */;
			productType = "com.apple.product-type.application";
		};
		369F6FB41A7415DB002F95CD /* DrawingFunTests */ = {
			isa = PBXNativeTarget;
			buildConfigurationList = 369F6FC21A7415DB002F95CD /* Build configuration list for PBXNativeTarget "DrawingFunTests" */;
			buildPhases = (
				369F6FB11A7415DB002F95CD /* Sources */,
				369F6FB21A7415DB002F95CD /* Frameworks */,
				369F6FB31A7415DB002F95CD /* Resources */,
			);
			buildRules = (
			);
			dependencies = (
				369F6FB71A7415DB002F95CD /* PBXTargetDependency */,
			);
			name = DrawingFunTests;
			productName = DrawingFunTests;
			productReference = 369F6FB51A7415DB002F95CD /* DrawingFunTests.xctest */;
			productType = "com.apple.product-type.bundle.unit-test";
		};
/* End PBXNativeTarget section */

/* Begin PBXProject section */
		369F6F9A1A7415DA002F95CD /* Project object */ = {
			isa = PBXProject;
			attributes = {
				LastUpgradeCheck = 0610;
				ORGANIZATIONNAME = Can;
				TargetAttributes = {
					369F6FA11A7415DA002F95CD = {
						CreatedOnToolsVersion = 6.1.1;
					};
					369F6FB41A7415DB002F95CD = {
						CreatedOnToolsVersion = 6.1.1;
						TestTargetID = 369F6FA11A7415DA002F95CD;
					};
				};
			};
			buildConfigurationList = 369F6F9D1A7415DA002F95CD /* Build configuration list for PBXProject "DrawingFun" */;
			compatibilityVersion = "Xcode 3.2";
			developmentRegion = English;
			hasScannedForEncodings = 0;
			knownRegions = (
				en,
				Base,
			);
			mainGroup = 369F6F991A7415DA002F95CD;
			productRefGroup = 369F6FA31A7415DA002F95CD /* Products */;
			projectDirPath = "";
			projectRoot = "";
			targets = (
				369F6FA11A7415DA002F95CD /* DrawingFun */,
				369F6FB41A7415DB002F95CD /* DrawingFunTests */,
			);
		};
/* End PBXProject section */

/* Begin PBXResourcesBuildPhase section */
		369F6FA01A7415DA002F95CD /* Resources */ = {
			isa = PBXResourcesBuildPhase;
			buildActionMask = 2147483647;
			files = (
				369F6FAD1A7415DB002F95CD /* Images.xcassets in Resources */,
				369F6FB01A7415DB002F95CD /* MainMenu.xib in Resources */,
			);
			runOnlyForDeploymentPostprocessing = 0;
		};
		369F6FB31A7415DB002F95CD /* Resources */ = {
			isa = PBXResourcesBuildPhase;
			buildActionMask = 2147483647;
			files = (
			);
			runOnlyForDeploymentPostprocessing = 0;
		};
/* End PBXResourcesBuildPhase section */

/* Begin PBXSourcesBuildPhase section */
		369F6F9E1A7415DA002F95CD /* Sources */ = {
			isa = PBXSourcesBuildPhase;
			buildActionMask = 2147483647;
			files = (
				369F6FAB1A7415DA002F95CD /* main.m in Sources */,
				369F6FA91A7415DA002F95CD /* AppDelegate.m in Sources */,
				369F6FC71A741636002F95CD /* StretchView.m in Sources */,
			);
			runOnlyForDeploymentPostprocessing = 0;
		};
		369F6FB11A7415DB002F95CD /* Sources */ = {
			isa = PBXSourcesBuildPhase;
			buildActionMask = 2147483647;
			files = (
				369F6FBC1A7415DB002F95CD /* DrawingFunTests.m in Sources */,
			);
			runOnlyForDeploymentPostprocessing = 0;
		};
/* End PBXSourcesBuildPhase section */

/* Begin PBXTargetDependency section */
		369F6FB71A7415DB002F95CD /* PBXTargetDependency */ = {
			isa = PBXTargetDependency;
			target = 369F6FA11A7415DA002F95CD /* DrawingFun */;
			targetProxy = 369F6FB61A7415DB002F95CD /* PBXContainerItemProxy */;
		};
/* End PBXTargetDependency section */

/* Begin PBXVariantGroup section */
		369F6FAE1A7415DB002F95CD /* MainMenu.xib */ = {
			isa = PBXVariantGroup;
			children = (
				369F6FAF1A7415DB002F95CD /* Base */,
			);
			name = MainMenu.xib;
			sourceTree = "<group>";
		};
/* End PBXVariantGroup section */

/* Begin XCBuildConfiguration section */
		369F6FBD1A7415DB002F95CD /* Debug */ = {
			isa = XCBuildConfiguration;
			buildSettings = {
				ALWAYS_SEARCH_USER_PATHS = NO;
				CLANG_CXX_LANGUAGE_STANDARD = "gnu++0x";
				CLANG_CXX_LIBRARY = "libc++";
				CLANG_ENABLE_MODULES = YES;
				CLANG_ENABLE_OBJC_ARC = YES;
				CLANG_WARN_BOOL_CONVERSION = YES;
				CLANG_WARN_CONSTANT_CONVERSION = YES;
				CLANG_WARN_DIRECT_OBJC_ISA_USAGE = YES_ERROR;
				CLANG_WARN_EMPTY_BODY = YES;
				CLANG_WARN_ENUM_CONVERSION = YES;
				CLANG_WARN_INT_CONVERSION = YES;
				CLANG_WARN_OBJC_ROOT_CLASS = YES_ERROR;
				CLANG_WARN_UNREACHABLE_CODE = YES;
				CLANG_WARN__DUPLICATE_METHOD_MATCH = YES;
				CODE_SIGN_IDENTITY = "-";
				COPY_PHASE_STRIP = NO;
				ENABLE_STRICT_OBJC_MSGSEND = YES;
				GCC_C_LANGUAGE_STANDARD = gnu99;
				GCC_DYNAMIC_NO_PIC = NO;
				GCC_OPTIMIZATION_LEVEL = 0;
				GCC_PREPROCESSOR_DEFINITIONS = (
					"DEBUG=1",
					"$(inherited)",
				);
				GCC_SYMBOLS_PRIVATE_EXTERN = NO;
				GCC_WARN_64_TO_32_BIT_CONVERSION = YES;
				GCC_WARN_ABOUT_RETURN_TYPE = YES_ERROR;
				GCC_WARN_UNDECLARED_SELECTOR = YES;
				GCC_WARN_UNINITIALIZED_AUTOS = YES_AGGRESSIVE;
				GCC_WARN_UNUSED_FUNCTION = YES;
				GCC_WARN_UNUSED_VARIABLE = YES;
				MACOSX_DEPLOYMENT_TARGET = 10.10;
				MTL_ENABLE_DEBUG_INFO = YES;
				ONLY_ACTIVE_ARCH = YES;
				SDKROOT = macosx;
			};
			name = Debug;
		};
		369F6FBE1A7415DB002F95CD /* Release */ = {
			isa = XCBuildConfiguration;
			buildSettings = {
				ALWAYS_SEARCH_USER_PATHS = NO;
				CLANG_CXX_LANGUAGE_STANDARD = "gnu++0x";
				CLANG_CXX_LIBRARY = "libc++";
				CLANG_ENABLE_MODULES = YES;
				CLANG_ENABLE_OBJC_ARC = YES;
				CLANG_WARN_BOOL_CONVERSION = YES;
				CLANG_WARN_CONSTANT_CONVERSION = YES;
				CLANG_WARN_DIRECT_OBJC_ISA_USAGE = YES_ERROR;
				CLANG_WARN_EMPTY_BODY = YES;
				CLANG_WARN_ENUM_CONVERSION = YES;
				CLANG_WARN_INT_CONVERSION = YES;
				CLANG_WARN_OBJC_ROOT_CLASS = YES_ERROR;
				CLANG_WARN_UNREACHABLE_CODE = YES;
				CLANG_WARN__DUPLICATE_METHOD_MATCH = YES;
				CODE_SIGN_IDENTITY = "-";
				COPY_PHASE_STRIP = YES;
				DEBUG_INFORMATION_FORMAT = "dwarf-with-dsym";
				ENABLE_NS_ASSERTIONS = NO;
				ENABLE_STRICT_OBJC_MSGSEND = YES;
				GCC_C_LANGUAGE_STANDARD = gnu99;
				GCC_WARN_64_TO_32_BIT_CONVERSION = YES;
				GCC_WARN_ABOUT_RETURN_TYPE = YES_ERROR;
				GCC_WARN_UNDECLARED_SELECTOR = YES;
				GCC_WARN_UNINITIALIZED_AUTOS = YES_AGGRESSIVE;
				GCC_WARN_UNUSED_FUNCTION = YES;
				GCC_WARN_UNUSED_VARIABLE = YES;
				MACOSX_DEPLOYMENT_TARGET = 10.10;
				MTL_ENABLE_DEBUG_INFO = NO;
				SDKROOT = macosx;
			};
			name = Release;
		};
		369F6FC01A7415DB002F95CD /* Debug */ = {
			isa = XCBuildConfiguration;
			buildSettings = {
				ASSETCATALOG_COMPILER_APPICON_NAME = AppIcon;
				COMBINE_HIDPI_IMAGES = YES;
				INFOPLIST_FILE = DrawingFun/Info.plist;
				LD_RUNPATH_SEARCH_PATHS = "$(inherited) @executable_path/../Frameworks";
				PRODUCT_NAME = "$(TARGET_NAME)";
			};
			name = Debug;
		};
		369F6FC11A7415DB002F95CD /* Release */ = {
			isa = XCBuildConfiguration;
			buildSettings = {
				ASSETCATALOG_COMPILER_APPICON_NAME = AppIcon;
				COMBINE_HIDPI_IMAGES = YES;
				INFOPLIST_FILE = DrawingFun/Info.plist;
				LD_RUNPATH_SEARCH_PATHS = "$(inherited) @executable_path/../Frameworks";
				PRODUCT_NAME = "$(TARGET_NAME)";
			};
			name = Release;
		};
		369F6FC31A7415DB002F95CD /* Debug */ = {
			isa = XCBuildConfiguration;
			buildSettings = {
				BUNDLE_LOADER = "$(TEST_HOST)";
				COMBINE_HIDPI_IMAGES = YES;
				FRAMEWORK_SEARCH_PATHS = (
					"$(DEVELOPER_FRAMEWORKS_DIR)",
					"$(inherited)",
				);
				GCC_PREPROCESSOR_DEFINITIONS = (
					"DEBUG=1",
					"$(inherited)",
				);
				INFOPLIST_FILE = DrawingFunTests/Info.plist;
				LD_RUNPATH_SEARCH_PATHS = "$(inherited) @executable_path/../Frameworks @loader_path/../Frameworks";
				PRODUCT_NAME = "$(TARGET_NAME)";
				TEST_HOST = "$(BUILT_PRODUCTS_DIR)/DrawingFun.app/Contents/MacOS/DrawingFun";
			};
			name = Debug;
		};
		369F6FC41A7415DB002F95CD /* Release */ = {
			isa = XCBuildConfiguration;
			buildSettings = {
				BUNDLE_LOADER = "$(TEST_HOST)";
				COMBINE_HIDPI_IMAGES = YES;
				FRAMEWORK_SEARCH_PATHS = (
					"$(DEVELOPER_FRAMEWORKS_DIR)",
					"$(inherited)",
				);
				INFOPLIST_FILE = DrawingFunTests/Info.plist;
				LD_RUNPATH_SEARCH_PATHS = "$(inherited) @executable_path/../Frameworks @loader_path/../Frameworks";
				PRODUCT_NAME = "$(TARGET_NAME)";
				TEST_HOST = "$(BUILT_PRODUCTS_DIR)/DrawingFun.app/Contents/MacOS/DrawingFun";
			};
			name = Release;
		};
/* End XCBuildConfiguration section */

/* Begin XCConfigurationList section */
		369F6F9D1A7415DA002F95CD /* Build configuration list for PBXProject "DrawingFun" */ = {
			isa = XCConfigurationList;
			buildConfigurations = (
				369F6FBD1A7415DB002F95CD /* Debug */,
				369F6FBE1A7415DB002F95CD /* Release */,
			);
			defaultConfigurationIsVisible = 0;
			defaultConfigurationName = Release;
		};
		369F6FBF1A7415DB002F95CD /* Build configuration list for PBXNativeTarget "DrawingFun" */ = {
			isa = XCConfigurationList;
			buildConfigurations = (
				369F6FC01A7415DB002F95CD /* Debug */,
				369F6FC11A7415DB002F95CD /* Release */,
			);
			defaultConfigurationIsVisible = 0;
		};
		369F6FC21A7415DB002F95CD /* Build configuration list for PBXNativeTarget "DrawingFunTests" */ = {
			isa = XCConfigurationList;
			buildConfigurations = (
				369F6FC31A7415DB002F95CD /* Debug */,
				369F6FC41A7415DB002F95CD /* Release */,
			);
			defaultConfigurationIsVisible = 0;
		};
/* End XCConfigurationList section */
	};
	rootObject = 369F6F9A1A7415DA002F95CD /* Project object */;
}
